
Microsoft Visual Studio Solution File, Format Version 12.00
# Visual Studio Version 17
VisualStudioVersion = 17.11.35327.3
MinimumVisualStudioVersion = 10.0.40219.1
Project("{8BC9CEB8-8B4A-11D0-8D11-00A0C91BC942}") = "matrice_produit", "matrice_produit\matrice_produit.vcxproj", "{9ADEA818-C43A-4637-9516-2335F14F870E}"
EndProject
Global
	GlobalSection(SolutionConfigurationPlatforms) = preSolution
		Debug|x64 = Debug|x64
		Debug|x86 = Debug|x86
		Release|x64 = Release|x64
		Release|x86 = Release|x86
	EndGlobalSection
	GlobalSection(ProjectConfigurationPlatforms) = postSolution
		{9ADEA818-C43A-4637-9516-2335F14F870E}.Debug|x64.ActiveCfg = Debug|x64
		{9ADEA818-C43A-4637-9516-2335F14F870E}.Debug|x64.Build.0 = Debug|x64
		{9ADEA818-C43A-4637-9516-2335F14F870E}.Debug|x86.ActiveCfg = Debug|Win32
		{9ADEA818-C43A-4637-9516-2335F14F870E}.Debug|x86.Build.0 = Debug|Win32
		{9ADEA818-C43A-4637-9516-2335F14F870E}.Release|x64.ActiveCfg = Release|x64
		{9ADEA818-C43A-4637-9516-2335F14F870E}.Release|x64.Build.0 = Release|x64
		{9ADEA818-C43A-4637-9516-2335F14F870E}.Release|x86.ActiveCfg = Release|Win32
		{9ADEA818-C43A-4637-9516-2335F14F870E}.Release|x86.Build.0 = Release|Win32
	EndGlobalSection
	GlobalSection(SolutionProperties) = preSolution
		HideSolutionNode = FALSE
	EndGlobalSection
	GlobalSection(ExtensibilityGlobals) = postSolution
		SolutionGuid = {7B277D09-07D5-4D76-9348-73EA92E59793}
	EndGlobalSection
EndGlobal
